Microsoft Visual Studio Solution File, Format Version 11.00
# Visual Studio 2008

Project("{C8279431-DB66-5D4F-06B0-D580CE21033B}") = "Ch27_End", "Assembly-CSharp-firstpass.csproj", "{2706C23F-3DC1-4E34-3FE3-055934C88CBD}"
EndProject
Project("{C8279431-DB66-5D4F-06B0-D580CE21033B}") = "Ch27_End", "Assembly-CSharp.csproj", "{51455859-BF82-21A0-E381-D685CEB36F45}"
EndProject
Project("{C8279431-DB66-5D4F-06B0-D580CE21033B}") = "Ch27_End", "Assembly-CSharp-Editor.csproj", "{D4372602-5D37-DCE1-FFB8-E8B85248D765}"
EndProject
Global
	GlobalSection(SolutionConfigurationPlatforms) = preSolution
		Debug|Any CPU = Debug|Any CPU
		Release|Any CPU = Release|Any CPU
	EndGlobalSection
	GlobalSection(ProjectConfigurationPlatforms) = postSolution
		{2706C23F-3DC1-4E34-3FE3-055934C88CBD}.Debug|Any CPU.ActiveCfg = Debug|Any CPU
		{2706C23F-3DC1-4E34-3FE3-055934C88CBD}.Debug|Any CPU.Build.0 = Debug|Any CPU
		{2706C23F-3DC1-4E34-3FE3-055934C88CBD}.Release|Any CPU.ActiveCfg = Release|Any CPU
		{2706C23F-3DC1-4E34-3FE3-055934C88CBD}.Release|Any CPU.Build.0 = Release|Any CPU
		{51455859-BF82-21A0-E381-D685CEB36F45}.Debug|Any CPU.ActiveCfg = Debug|Any CPU
		{51455859-BF82-21A0-E381-D685CEB36F45}.Debug|Any CPU.Build.0 = Debug|Any CPU
		{51455859-BF82-21A0-E381-D685CEB36F45}.Release|Any CPU.ActiveCfg = Release|Any CPU
		{51455859-BF82-21A0-E381-D685CEB36F45}.Release|Any CPU.Build.0 = Release|Any CPU
		{D4372602-5D37-DCE1-FFB8-E8B85248D765}.Debug|Any CPU.ActiveCfg = Debug|Any CPU
		{D4372602-5D37-DCE1-FFB8-E8B85248D765}.Debug|Any CPU.Build.0 = Debug|Any CPU
		{D4372602-5D37-DCE1-FFB8-E8B85248D765}.Release|Any CPU.ActiveCfg = Release|Any CPU
		{D4372602-5D37-DCE1-FFB8-E8B85248D765}.Release|Any CPU.Build.0 = Release|Any CPU
	EndGlobalSection
	GlobalSection(SolutionProperties) = preSolution
		HideSolutionNode = FALSE
	EndGlobalSection
	GlobalSection(MonoDevelopProperties) = preSolution
		StartupItem = Assembly-CSharp.csproj
	EndGlobalSection
EndGlobal
