
Microsoft Visual Studio Solution File, Format Version 11.00
# Visual Studio 2010
Project("{FAE04EC0-301F-11D3-BF4B-00C04F79EFBC}") = "Ch23_End", "Assembly-CSharp-firstpass.csproj", "{782FC882-C151-712E-9610-8E0C600F8571}"
EndProject
Project("{FAE04EC0-301F-11D3-BF4B-00C04F79EFBC}") = "Ch23_End", "Assembly-CSharp.csproj", "{D232080A-BD35-633F-4C39-605B4EDD6083}"
EndProject
Project("{FAE04EC0-301F-11D3-BF4B-00C04F79EFBC}") = "Ch23_End", "Assembly-CSharp-Editor.csproj", "{61B5C4C8-C7FE-A5BA-BC69-850FF780C466}"
EndProject
Global
	GlobalSection(SolutionConfigurationPlatforms) = preSolution
		Debug|Any CPU = Debug|Any CPU
		Release|Any CPU = Release|Any CPU
	EndGlobalSection
	GlobalSection(ProjectConfigurationPlatforms) = postSolution
		{782FC882-C151-712E-9610-8E0C600F8571}.Debug|Any CPU.ActiveCfg = Debug|Any CPU
		{782FC882-C151-712E-9610-8E0C600F8571}.Debug|Any CPU.Build.0 = Debug|Any CPU
		{782FC882-C151-712E-9610-8E0C600F8571}.Release|Any CPU.ActiveCfg = Release|Any CPU
		{782FC882-C151-712E-9610-8E0C600F8571}.Release|Any CPU.Build.0 = Release|Any CPU
		{D232080A-BD35-633F-4C39-605B4EDD6083}.Debug|Any CPU.ActiveCfg = Debug|Any CPU
		{D232080A-BD35-633F-4C39-605B4EDD6083}.Debug|Any CPU.Build.0 = Debug|Any CPU
		{D232080A-BD35-633F-4C39-605B4EDD6083}.Release|Any CPU.ActiveCfg = Release|Any CPU
		{D232080A-BD35-633F-4C39-605B4EDD6083}.Release|Any CPU.Build.0 = Release|Any CPU
		{61B5C4C8-C7FE-A5BA-BC69-850FF780C466}.Debug|Any CPU.ActiveCfg = Debug|Any CPU
		{61B5C4C8-C7FE-A5BA-BC69-850FF780C466}.Debug|Any CPU.Build.0 = Debug|Any CPU
		{61B5C4C8-C7FE-A5BA-BC69-850FF780C466}.Release|Any CPU.ActiveCfg = Release|Any CPU
		{61B5C4C8-C7FE-A5BA-BC69-850FF780C466}.Release|Any CPU.Build.0 = Release|Any CPU
	EndGlobalSection
	GlobalSection(SolutionProperties) = preSolution
		HideSolutionNode = FALSE
	EndGlobalSection
	GlobalSection(MonoDevelopProperties) = preSolution
		StartupItem = Assembly-CSharp.csproj
	EndGlobalSection
EndGlobal
