
Microsoft Visual Studio Solution File, Format Version 11.00
# Visual Studio 2010
Project("{FAE04EC0-301F-11D3-BF4B-00C04F79EFBC}") = "Ch22_End", "Assembly-CSharp-firstpass.csproj", "{B03AC355-0B02-0252-2672-10277B5593EF}"
EndProject
Project("{FAE04EC0-301F-11D3-BF4B-00C04F79EFBC}") = "Ch22_End", "Assembly-CSharp.csproj", "{EBBCA53B-C8D0-FFB9-05E3-3E6B2EF68775}"
EndProject
Project("{FAE04EC0-301F-11D3-BF4B-00C04F79EFBC}") = "Ch22_End", "Assembly-CSharp-Editor.csproj", "{D8CE3A37-10A6-69F4-8F6C-5CF54A58FB2B}"
EndProject
Global
	GlobalSection(SolutionConfigurationPlatforms) = preSolution
		Debug|Any CPU = Debug|Any CPU
		Release|Any CPU = Release|Any CPU
	EndGlobalSection
	GlobalSection(ProjectConfigurationPlatforms) = postSolution
		{B03AC355-0B02-0252-2672-10277B5593EF}.Debug|Any CPU.ActiveCfg = Debug|Any CPU
		{B03AC355-0B02-0252-2672-10277B5593EF}.Debug|Any CPU.Build.0 = Debug|Any CPU
		{B03AC355-0B02-0252-2672-10277B5593EF}.Release|Any CPU.ActiveCfg = Release|Any CPU
		{B03AC355-0B02-0252-2672-10277B5593EF}.Release|Any CPU.Build.0 = Release|Any CPU
		{EBBCA53B-C8D0-FFB9-05E3-3E6B2EF68775}.Debug|Any CPU.ActiveCfg = Debug|Any CPU
		{EBBCA53B-C8D0-FFB9-05E3-3E6B2EF68775}.Debug|Any CPU.Build.0 = Debug|Any CPU
		{EBBCA53B-C8D0-FFB9-05E3-3E6B2EF68775}.Release|Any CPU.ActiveCfg = Release|Any CPU
		{EBBCA53B-C8D0-FFB9-05E3-3E6B2EF68775}.Release|Any CPU.Build.0 = Release|Any CPU
		{D8CE3A37-10A6-69F4-8F6C-5CF54A58FB2B}.Debug|Any CPU.ActiveCfg = Debug|Any CPU
		{D8CE3A37-10A6-69F4-8F6C-5CF54A58FB2B}.Debug|Any CPU.Build.0 = Debug|Any CPU
		{D8CE3A37-10A6-69F4-8F6C-5CF54A58FB2B}.Release|Any CPU.ActiveCfg = Release|Any CPU
		{D8CE3A37-10A6-69F4-8F6C-5CF54A58FB2B}.Release|Any CPU.Build.0 = Release|Any CPU
	EndGlobalSection
	GlobalSection(SolutionProperties) = preSolution
		HideSolutionNode = FALSE
	EndGlobalSection
	GlobalSection(MonoDevelopProperties) = preSolution
		StartupItem = Assembly-CSharp.csproj
	EndGlobalSection
EndGlobal
