Microsoft Visual Studio Solution File, Format Version 11.00
# Visual Studio 2008

Project("{048D60AF-F354-772A-C16F-BCF6D63892D8}") = "Ch8_End", "Assembly-CSharp.csproj", "{5BD62A84-BFB7-CDB9-6352-34BF029CF225}"
EndProject
Global
	GlobalSection(SolutionConfigurationPlatforms) = preSolution
		Debug|Any CPU = Debug|Any CPU
		Release|Any CPU = Release|Any CPU
	EndGlobalSection
	GlobalSection(ProjectConfigurationPlatforms) = postSolution
		{5BD62A84-BFB7-CDB9-6352-34BF029CF225}.Debug|Any CPU.ActiveCfg = Debug|Any CPU
		{5BD62A84-BFB7-CDB9-6352-34BF029CF225}.Debug|Any CPU.Build.0 = Debug|Any CPU
		{5BD62A84-BFB7-CDB9-6352-34BF029CF225}.Release|Any CPU.ActiveCfg = Release|Any CPU
		{5BD62A84-BFB7-CDB9-6352-34BF029CF225}.Release|Any CPU.Build.0 = Release|Any CPU
	EndGlobalSection
	GlobalSection(SolutionProperties) = preSolution
		HideSolutionNode = FALSE
	EndGlobalSection
	GlobalSection(MonoDevelopProperties) = preSolution
		StartupItem = Assembly-CSharp.csproj
	EndGlobalSection
EndGlobal
